
Microsoft Visual Studio Solution File, Format Version 12.00
# Visual Studio Version 17
VisualStudioVersion = 17.8.34309.116
MinimumVisualStudioVersion = 10.0.40219.1
Project("{9A19103F-16F7-4668-BE54-9A1E7A4F7556}") = "TimeLineSchedule.Web", "TimeLineSchedule.Web\TimeLineSchedule.Web.csproj", "{BA107963-AB05-456E-A8D6-789732EBF616}"
EndProject
Project("{9A19103F-16F7-4668-BE54-9A1E7A4F7556}") = "TimeLineSchedule.DataLayer", "TimeLineSchedule.DataLayer\TimeLineSchedule.DataLayer.csproj", "{11CF68FD-848F-46DD-878C-79132B6A20ED}"
EndProject
Project("{9A19103F-16F7-4668-BE54-9A1E7A4F7556}") = "TimeLineSchedule.Core", "TimeLineSchedule.Core\TimeLineSchedule.Core.csproj", "{C0B44424-0788-4E9D-A2AD-F18530CC7C71}"
EndProject
Global
	GlobalSection(SolutionConfigurationPlatforms) = preSolution
		Debug|Any CPU = Debug|Any CPU
		Release|Any CPU = Release|Any CPU
	EndGlobalSection
	GlobalSection(ProjectConfigurationPlatforms) = postSolution
		{BA107963-AB05-456E-A8D6-789732EBF616}.Debug|Any CPU.ActiveCfg = Debug|Any CPU
		{BA107963-AB05-456E-A8D6-789732EBF616}.Debug|Any CPU.Build.0 = Debug|Any CPU
		{BA107963-AB05-456E-A8D6-789732EBF616}.Release|Any CPU.ActiveCfg = Release|Any CPU
		{BA107963-AB05-456E-A8D6-789732EBF616}.Release|Any CPU.Build.0 = Release|Any CPU
		{11CF68FD-848F-46DD-878C-79132B6A20ED}.Debug|Any CPU.ActiveCfg = Debug|Any CPU
		{11CF68FD-848F-46DD-878C-79132B6A20ED}.Debug|Any CPU.Build.0 = Debug|Any CPU
		{11CF68FD-848F-46DD-878C-79132B6A20ED}.Release|Any CPU.ActiveCfg = Release|Any CPU
		{11CF68FD-848F-46DD-878C-79132B6A20ED}.Release|Any CPU.Build.0 = Release|Any CPU
		{C0B44424-0788-4E9D-A2AD-F18530CC7C71}.Debug|Any CPU.ActiveCfg = Debug|Any CPU
		{C0B44424-0788-4E9D-A2AD-F18530CC7C71}.Debug|Any CPU.Build.0 = Debug|Any CPU
		{C0B44424-0788-4E9D-A2AD-F18530CC7C71}.Release|Any CPU.ActiveCfg = Release|Any CPU
		{C0B44424-0788-4E9D-A2AD-F18530CC7C71}.Release|Any CPU.Build.0 = Release|Any CPU
	EndGlobalSection
	GlobalSection(SolutionProperties) = preSolution
		HideSolutionNode = FALSE
	EndGlobalSection
	GlobalSection(ExtensibilityGlobals) = postSolution
		SolutionGuid = {687F9F46-4090-42B3-8CB9-470143243562}
	EndGlobalSection
EndGlobal
